// !$*UTF8*$!
{
	archiveVersion = 1;
	classes = {
	};
	objectVersion = 46;
	objects = {

/* Begin PBXBuildFile section */
		3E2E791F1CB9193B007B2414 /* AppDelegate.swift in Sources */ = {isa = PBXBuildFile; fileRef = 3E2E791E1CB9193B007B2414 /* AppDelegate.swift */; };
		3E2E79211CB9193B007B2414 /* GameScene.sks in Resources */ = {isa = PBXBuildFile; fileRef = 3E2E79201CB9193B007B2414 /* GameScene.sks */; };
		3E2E79231CB9193B007B2414 /* GameScene.swift in Sources */ = {isa = PBXBuildFile; fileRef = 3E2E79221CB9193B007B2414 /* GameScene.swift */; };
		3E2E79251CB9193B007B2414 /* GameViewController.swift in Sources */ = {isa = PBXBuildFile; fileRef = 3E2E79241CB9193B007B2414 /* GameViewController.swift */; };
		3E2E79281CB9193B007B2414 /* Main.storyboard in Resources */ = {isa = PBXBuildFile; fileRef = 3E2E79261CB9193B007B2414 /* Main.storyboard */; };
		3E2E792A1CB9193B007B2414 /* Assets.xcassets in Resources */ = {isa = PBXBuildFile; fileRef = 3E2E79291CB9193B007B2414 /* Assets.xcassets */; };
		3E2E792D1CB9193B007B2414 /* LaunchScreen.storyboard in Resources */ = {isa = PBXBuildFile; fileRef = 3E2E792B1CB9193B007B2414 /* LaunchScreen.storyboard */; };
		3E2E79381CB9193B007B2414 /* SwordSlashTests.swift in Sources */ = {isa = PBXBuildFile; fileRef = 3E2E79371CB9193B007B2414 /* SwordSlashTests.swift */; };
		3E2E79431CB9193B007B2414 /* SwordSlashUITests.swift in Sources */ = {isa = PBXBuildFile; fileRef = 3E2E79421CB9193B007B2414 /* SwordSlashUITests.swift */; };
/* End PBXBuildFile section */

/* Begin PBXContainerItemProxy section */
		3E2E79341CB9193B007B2414 /* PBXContainerItemProxy */ = {
			isa = PBXContainerItemProxy;
			containerPortal = 3E2E79131CB91938007B2414 /* Project object */;
			proxyType = 1;
			remoteGlobalIDString = 3E2E791A1CB9193B007B2414;
			remoteInfo = SwordSlash;
		};
		3E2E793F1CB9193B007B2414 /* PBXContainerItemProxy */ = {
			isa = PBXContainerItemProxy;
			containerPortal = 3E2E79131CB91938007B2414 /* Project object */;
			proxyType = 1;
			remoteGlobalIDString = 3E2E791A1CB9193B007B2414;
			remoteInfo = SwordSlash;
		};
/* End PBXContainerItemProxy section */

/* Begin PBXFileReference section */
		3E2E791B1CB9193B007B2414 /* SwordSlash.app */ = {isa = PBXFileReference; explicitFileType = wrapper.application; includeInIndex = 0; path = SwordSlash.app; sourceTree = BUILT_PRODUCTS_DIR; };
		3E2E791E1CB9193B007B2414 /* AppDelegate.swift */ = {isa = PBXFileReference; lastKnownFileType = sourcecode.swift; path = AppDelegate.swift; sourceTree = "<group>"; };
		3E2E79201CB9193B007B2414 /* GameScene.sks */ = {isa = PBXFileReference; lastKnownFileType = file.sks; path = GameScene.sks; sourceTree = "<group>"; };
		3E2E79221CB9193B007B2414 /* GameScene.swift */ = {isa = PBXFileReference; lastKnownFileType = sourcecode.swift; path = GameScene.swift; sourceTree = "<group>"; };
		3E2E79241CB9193B007B2414 /* GameViewController.swift */ = {isa = PBXFileReference; lastKnownFileType = sourcecode.swift; path = GameViewController.swift; sourceTree = "<group>"; };
		3E2E79271CB9193B007B2414 /* Base */ = {isa = PBXFileReference; lastKnownFileType = file.storyboard; name = Base; path = Base.lproj/Main.storyboard; sourceTree = "<group>"; };
		3E2E79291CB9193B007B2414 /* Assets.xcassets */ = {isa = PBXFileReference; lastKnownFileType = folder.assetcatalog; path = Assets.xcassets; sourceTree = "<group>"; };
		3E2E792C1CB9193B007B2414 /* Base */ = {isa = PBXFileReference; lastKnownFileType = file.storyboard; name = Base; path = Base.lproj/LaunchScreen.storyboard; sourceTree = "<group>"; };
		3E2E792E1CB9193B007B2414 /* Info.plist */ = {isa = PBXFileReference; lastKnownFileType = text.plist.xml; path = Info.plist; sourceTree = "<group>"; };
		3E2E79331CB9193B007B2414 /* SwordSlashTests.xctest */ = {isa = PBXFileReference; explicitFileType = wrapper.cfbundle; includeInIndex = 0; path = SwordSlashTests.xctest; sourceTree = BUILT_PRODUCTS_DIR; };
		3E2E79371CB9193B007B2414 /* SwordSlashTests.swift */ = {isa = PBXFileReference; lastKnownFileType = sourcecode.swift; path = SwordSlashTests.swift; sourceTree = "<group>"; };
		3E2E79391CB9193B007B2414 /* Info.plist */ = {isa = PBXFileReference; lastKnownFileType = text.plist.xml; path = Info.plist; sourceTree = "<group>"; };
		3E2E793E1CB9193B007B2414 /* SwordSlashUITests.xctest */ = {isa = PBXFileReference; explicitFileType = wrapper.cfbundle; includeInIndex = 0; path = SwordSlashUITests.xctest; sourceTree = BUILT_PRODUCTS_DIR; };
		3E2E79421CB9193B007B2414 /* SwordSlashUITests.swift */ = {isa = PBXFileReference; lastKnownFileType = sourcecode.swift; path = SwordSlashUITests.swift; sourceTree = "<group>"; };
		3E2E79441CB9193B007B2414 /* Info.plist */ = {isa = PBXFileReference; lastKnownFileType = text.plist.xml; path = Info.plist; sourceTree = "<group>"; };
/* End PBXFileReference section */

/* Begin PBXFrameworksBuildPhase section */
		3E2E79181CB9193B007B2414 /* Frameworks */ = {
			isa = PBXFrameworksBuildPhase;
			buildActionMask = 2147483647;
			files = (
			);
			runOnlyForDeploymentPostprocessing = 0;
		};
		3E2E79301CB9193B007B2414 /* Frameworks */ = {
			isa = PBXFrameworksBuildPhase;
			buildActionMask = 2147483647;
			files = (
			);
			runOnlyForDeploymentPostprocessing = 0;
		};
		3E2E793B1CB9193B007B2414 /* Frameworks */ = {
			isa = PBXFrameworksBuildPhase;
			buildActionMask = 2147483647;
			files = (
			);
			runOnlyForDeploymentPostprocessing = 0;
		};
/* End PBXFrameworksBuildPhase section */

/* Begin PBXGroup section */
		3E2E79121CB91938007B2414 = {
			isa = PBXGroup;
			children = (
				3E2E791D1CB9193B007B2414 /* SwordSlash */,
				3E2E79361CB9193B007B2414 /* SwordSlashTests */,
				3E2E79411CB9193B007B2414 /* SwordSlashUITests */,
				3E2E791C1CB9193B007B2414 /* Products */,
			);
			sourceTree = "<group>";
		};
		3E2E791C1CB9193B007B2414 /* Products */ = {
			isa = PBXGroup;
			children = (
				3E2E791B1CB9193B007B2414 /* SwordSlash.app */,
				3E2E79331CB9193B007B2414 /* SwordSlashTests.xctest */,
				3E2E793E1CB9193B007B2414 /* SwordSlashUITests.xctest */,
			);
			name = Products;
			sourceTree = "<group>";
		};
		3E2E791D1CB9193B007B2414 /* SwordSlash */ = {
			isa = PBXGroup;
			children = (
				3E2E791E1CB9193B007B2414 /* AppDelegate.swift */,
				3E2E79201CB9193B007B2414 /* GameScene.sks */,
				3E2E79221CB9193B007B2414 /* GameScene.swift */,
				3E2E79241CB9193B007B2414 /* GameViewController.swift */,
				3E2E79261CB9193B007B2414 /* Main.storyboard */,
				3E2E79291CB9193B007B2414 /* Assets.xcassets */,
				3E2E792B1CB9193B007B2414 /* LaunchScreen.storyboard */,
				3E2E792E1CB9193B007B2414 /* Info.plist */,
			);
			path = SwordSlash;
			sourceTree = "<group>";
		};
		3E2E79361CB9193B007B2414 /* SwordSlashTests */ = {
			isa = PBXGroup;
			children = (
				3E2E79371CB9193B007B2414 /* SwordSlashTests.swift */,
				3E2E79391CB9193B007B2414 /* Info.plist */,
			);
			path = SwordSlashTests;
			sourceTree = "<group>";
		};
		3E2E79411CB9193B007B2414 /* SwordSlashUITests */ = {
			isa = PBXGroup;
			children = (
				3E2E79421CB9193B007B2414 /* SwordSlashUITests.swift */,
				3E2E79441CB9193B007B2414 /* Info.plist */,
			);
			path = SwordSlashUITests;
			sourceTree = "<group>";
		};
/* End PBXGroup section */

/* Begin PBXNativeTarget section */
		3E2E791A1CB9193B007B2414 /* SwordSlash */ = {
			isa = PBXNativeTarget;
			buildConfigurationList = 3E2E79471CB9193B007B2414 /* Build configuration list for PBXNativeTarget "SwordSlash" */;
			buildPhases = (
				3E2E79171CB9193B007B2414 /* Sources */,
				3E2E79181CB9193B007B2414 /* Frameworks */,
				3E2E79191CB9193B007B2414 /* Resources */,
			);
			buildRules = (
			);
			dependencies = (
			);
			name = SwordSlash;
			productName = SwordSlash;
			productReference = 3E2E791B1CB9193B007B2414 /* SwordSlash.app */;
			productType = "com.apple.product-type.application";
		};
		3E2E79321CB9193B007B2414 /* SwordSlashTests */ = {
			isa = PBXNativeTarget;
			buildConfigurationList = 3E2E794A1CB9193B007B2414 /* Build configuration list for PBXNativeTarget "SwordSlashTests" */;
			buildPhases = (
				3E2E792F1CB9193B007B2414 /* Sources */,
				3E2E79301CB9193B007B2414 /* Frameworks */,
				3E2E79311CB9193B007B2414 /* Resources */,
			);
			buildRules = (
			);
			dependencies = (
				3E2E79351CB9193B007B2414 /* PBXTargetDependency */,
			);
			name = SwordSlashTests;
			productName = SwordSlashTests;
			productReference = 3E2E79331CB9193B007B2414 /* SwordSlashTests.xctest */;
			productType = "com.apple.product-type.bundle.unit-test";
		};
		3E2E793D1CB9193B007B2414 /* SwordSlashUITests */ = {
			isa = PBXNativeTarget;
			buildConfigurationList = 3E2E794D1CB9193B007B2414 /* Build configuration list for PBXNativeTarget "SwordSlashUITests" */;
			buildPhases = (
				3E2E793A1CB9193B007B2414 /* Sources */,
				3E2E793B1CB9193B007B2414 /* Frameworks */,
				3E2E793C1CB9193B007B2414 /* Resources */,
			);
			buildRules = (
			);
			dependencies = (
				3E2E79401CB9193B007B2414 /* PBXTargetDependency */,
			);
			name = SwordSlashUITests;
			productName = SwordSlashUITests;
			productReference = 3E2E793E1CB9193B007B2414 /* SwordSlashUITests.xctest */;
			productType = "com.apple.product-type.bundle.ui-testing";
		};
/* End PBXNativeTarget section */

/* Begin PBXProject section */
		3E2E79131CB91938007B2414 /* Project object */ = {
			isa = PBXProject;
			attributes = {
				LastSwiftUpdateCheck = 0730;
				LastUpgradeCheck = 0730;
				ORGANIZATIONNAME = "Halvorsen Games";
				TargetAttributes = {
					3E2E791A1CB9193B007B2414 = {
						CreatedOnToolsVersion = 7.3;
					};
					3E2E79321CB9193B007B2414 = {
						CreatedOnToolsVersion = 7.3;
						TestTargetID = 3E2E791A1CB9193B007B2414;
					};
					3E2E793D1CB9193B007B2414 = {
						CreatedOnToolsVersion = 7.3;
						TestTargetID = 3E2E791A1CB9193B007B2414;
					};
				};
			};
			buildConfigurationList = 3E2E79161CB91938007B2414 /* Build configuration list for PBXProject "SwordSlash" */;
			compatibilityVersion = "Xcode 3.2";
			developmentRegion = English;
			hasScannedForEncodings = 0;
			knownRegions = (
				en,
				Base,
			);
			mainGroup = 3E2E79121CB91938007B2414;
			productRefGroup = 3E2E791C1CB9193B007B2414 /* Products */;
			projectDirPath = "";
			projectRoot = "";
			targets = (
				3E2E791A1CB9193B007B2414 /* SwordSlash */,
				3E2E79321CB9193B007B2414 /* SwordSlashTests */,
				3E2E793D1CB9193B007B2414 /* SwordSlashUITests */,
			);
		};
/* End PBXProject section */

/* Begin PBXResourcesBuildPhase section */
		3E2E79191CB9193B007B2414 /* Resources */ = {
			isa = PBXResourcesBuildPhase;
			buildActionMask = 2147483647;
			files = (
				3E2E79211CB9193B007B2414 /* GameScene.sks in Resources */,
				3E2E792D1CB9193B007B2414 /* LaunchScreen.storyboard in Resources */,
				3E2E792A1CB9193B007B2414 /* Assets.xcassets in Resources */,
				3E2E79281CB9193B007B2414 /* Main.storyboard in Resources */,
			);
			runOnlyForDeploymentPostprocessing = 0;
		};
		3E2E79311CB9193B007B2414 /* Resources */ = {
			isa = PBXResourcesBuildPhase;
			buildActionMask = 2147483647;
			files = (
			);
			runOnlyForDeploymentPostprocessing = 0;
		};
		3E2E793C1CB9193B007B2414 /* Resources */ = {
			isa = PBXResourcesBuildPhase;
			buildActionMask = 2147483647;
			files = (
			);
			runOnlyForDeploymentPostprocessing = 0;
		};
/* End PBXResourcesBuildPhase section */

/* Begin PBXSourcesBuildPhase section */
		3E2E79171CB9193B007B2414 /* Sources */ = {
			isa = PBXSourcesBuildPhase;
			buildActionMask = 2147483647;
			files = (
				3E2E79231CB9193B007B2414 /* GameScene.swift in Sources */,
				3E2E79251CB9193B007B2414 /* GameViewController.swift in Sources */,
				3E2E791F1CB9193B007B2414 /* AppDelegate.swift in Sources */,
			);
			runOnlyForDeploymentPostprocessing = 0;
		};
		3E2E792F1CB9193B007B2414 /* Sources */ = {
			isa = PBXSourcesBuildPhase;
			buildActionMask = 2147483647;
			files = (
				3E2E79381CB9193B007B2414 /* SwordSlashTests.swift in Sources */,
			);
			runOnlyForDeploymentPostprocessing = 0;
		};
		3E2E793A1CB9193B007B2414 /* Sources */ = {
			isa = PBXSourcesBuildPhase;
			buildActionMask = 2147483647;
			files = (
				3E2E79431CB9193B007B2414 /* SwordSlashUITests.swift in Sources */,
			);
			runOnlyForDeploymentPostprocessing = 0;
		};
/* End PBXSourcesBuildPhase section */

/* Begin PBXTargetDependency section */
		3E2E79351CB9193B007B2414 /* PBXTargetDependency */ = {
			isa = PBXTargetDependency;
			target = 3E2E791A1CB9193B007B2414 /* SwordSlash */;
			targetProxy = 3E2E79341CB9193B007B2414 /* PBXContainerItemProxy */;
		};
		3E2E79401CB9193B007B2414 /* PBXTargetDependency */ = {
			isa = PBXTargetDependency;
			target = 3E2E791A1CB9193B007B2414 /* SwordSlash */;
			targetProxy = 3E2E793F1CB9193B007B2414 /* PBXContainerItemProxy */;
		};
/* End PBXTargetDependency section */

/* Begin PBXVariantGroup section */
		3E2E79261CB9193B007B2414 /* Main.storyboard */ = {
			isa = PBXVariantGroup;
			children = (
				3E2E79271CB9193B007B2414 /* Base */,
			);
			name = Main.storyboard;
			sourceTree = "<group>";
		};
		3E2E792B1CB9193B007B2414 /* LaunchScreen.storyboard */ = {
			isa = PBXVariantGroup;
			children = (
				3E2E792C1CB9193B007B2414 /* Base */,
			);
			name = LaunchScreen.storyboard;
			sourceTree = "<group>";
		};
/* End PBXVariantGroup section */

/* Begin XCBuildConfiguration section */
		3E2E79451CB9193B007B2414 /* Debug */ = {
			isa = XCBuildConfiguration;
			buildSettings = {
				ALWAYS_SEARCH_USER_PATHS = NO;
				CLANG_ANALYZER_NONNULL = YES;
				CLANG_CXX_LANGUAGE_STANDARD = "gnu++0x";
				CLANG_CXX_LIBRARY = "libc++";
				CLANG_ENABLE_MODULES = YES;
				CLANG_ENABLE_OBJC_ARC = YES;
				CLANG_WARN_BOOL_CONVERSION = YES;
				CLANG_WARN_CONSTANT_CONVERSION = YES;
				CLANG_WARN_DIRECT_OBJC_ISA_USAGE = YES_ERROR;
				CLANG_WARN_EMPTY_BODY = YES;
				CLANG_WARN_ENUM_CONVERSION = YES;
				CLANG_WARN_INT_CONVERSION = YES;
				CLANG_WARN_OBJC_ROOT_CLASS = YES_ERROR;
				CLANG_WARN_UNREACHABLE_CODE = YES;
				CLANG_WARN__DUPLICATE_METHOD_MATCH = YES;
				"CODE_SIGN_IDENTITY[sdk=iphoneos*]" = "iPhone Developer";
				COPY_PHASE_STRIP = NO;
				DEBUG_INFORMATION_FORMAT = "dwarf-with-dsym";
				ENABLE_STRICT_OBJC_MSGSEND = YES;
				ENABLE_TESTABILITY = YES;
				GCC_C_LANGUAGE_STANDARD = gnu99;
				GCC_DYNAMIC_NO_PIC = NO;
				GCC_NO_COMMON_BLOCKS = YES;
				GCC_OPTIMIZATION_LEVEL = 0;
				GCC_PREPROCESSOR_DEFINITIONS = (
					"DEBUG=1",
					"$(inherited)",
				);
				GCC_WARN_64_TO_32_BIT_CONVERSION = YES;
				GCC_WARN_ABOUT_RETURN_TYPE = YES_ERROR;
				GCC_WARN_UNDECLARED_SELECTOR = YES;
				GCC_WARN_UNINITIALIZED_AUTOS = YES_AGGRESSIVE;
				GCC_WARN_UNUSED_FUNCTION = YES;
				GCC_WARN_UNUSED_VARIABLE = YES;
				IPHONEOS_DEPLOYMENT_TARGET = 9.3;
				MTL_ENABLE_DEBUG_INFO = YES;
				ONLY_ACTIVE_ARCH = YES;
				SDKROOT = iphoneos;
				SWIFT_OPTIMIZATION_LEVEL = "-Onone";
			};
			name = Debug;
		};
		3E2E79461CB9193B007B2414 /* Release */ = {
			isa = XCBuildConfiguration;
			buildSettings = {
				ALWAYS_SEARCH_USER_PATHS = NO;
				CLANG_ANALYZER_NONNULL = YES;
				CLANG_CXX_LANGUAGE_STANDARD = "gnu++0x";
				CLANG_CXX_LIBRARY = "libc++";
				CLANG_ENABLE_MODULES = YES;
				CLANG_ENABLE_OBJC_ARC = YES;
				CLANG_WARN_BOOL_CONVERSION = YES;
				CLANG_WARN_CONSTANT_CONVERSION = YES;
				CLANG_WARN_DIRECT_OBJC_ISA_USAGE = YES_ERROR;
				CLANG_WARN_EMPTY_BODY = YES;
				CLANG_WARN_ENUM_CONVERSION = YES;
				CLANG_WARN_INT_CONVERSION = YES;
				CLANG_WARN_OBJC_ROOT_CLASS = YES_ERROR;
				CLANG_WARN_UNREACHABLE_CODE = YES;
				CLANG_WARN__DUPLICATE_METHOD_MATCH = YES;
				"CODE_SIGN_IDENTITY[sdk=iphoneos*]" = "iPhone Developer";
				COPY_PHASE_STRIP = NO;
				DEBUG_INFORMATION_FORMAT = "dwarf-with-dsym";
				ENABLE_NS_ASSERTIONS = NO;
				ENABLE_STRICT_OBJC_MSGSEND = YES;
				GCC_C_LANGUAGE_STANDARD = gnu99;
				GCC_NO_COMMON_BLOCKS = YES;
				GCC_WARN_64_TO_32_BIT_CONVERSION = YES;
				GCC_WARN_ABOUT_RETURN_TYPE = YES_ERROR;
				GCC_WARN_UNDECLARED_SELECTOR = YES;
				GCC_WARN_UNINITIALIZED_AUTOS = YES_AGGRESSIVE;
				GCC_WARN_UNUSED_FUNCTION = YES;
				GCC_WARN_UNUSED_VARIABLE = YES;
				IPHONEOS_DEPLOYMENT_TARGET = 9.3;
				MTL_ENABLE_DEBUG_INFO = NO;
				SDKROOT = iphoneos;
				VALIDATE_PRODUCT = YES;
			};
			name = Release;
		};
		3E2E79481CB9193B007B2414 /* Debug */ = {
			isa = XCBuildConfiguration;
			buildSettings = {
				ASSETCATALOG_COMPILER_APPICON_NAME = AppIcon;
				INFOPLIST_FILE = SwordSlash/Info.plist;
				LD_RUNPATH_SEARCH_PATHS = "$(inherited) @executable_path/Frameworks";
				PRODUCT_BUNDLE_IDENTIFIER = com.halvorsengames.SwordSlash;
				PRODUCT_NAME = "$(TARGET_NAME)";
			};
			name = Debug;
		};
		3E2E79491CB9193B007B2414 /* Release */ = {
			isa = XCBuildConfiguration;
			buildSettings = {
				ASSETCATALOG_COMPILER_APPICON_NAME = AppIcon;
				INFOPLIST_FILE = SwordSlash/Info.plist;
				LD_RUNPATH_SEARCH_PATHS = "$(inherited) @executable_path/Frameworks";
				PRODUCT_BUNDLE_IDENTIFIER = com.halvorsengames.SwordSlash;
				PRODUCT_NAME = "$(TARGET_NAME)";
			};
			name = Release;
		};
		3E2E794B1CB9193B007B2414 /* Debug */ = {
			isa = XCBuildConfiguration;
			buildSettings = {
				BUNDLE_LOADER = "$(TEST_HOST)";
				DEBUG_INFORMATION_FORMAT = dwarf;
				INFOPLIST_FILE = SwordSlashTests/Info.plist;
				LD_RUNPATH_SEARCH_PATHS = "$(inherited) @executable_path/Frameworks @loader_path/Frameworks";
				PRODUCT_BUNDLE_IDENTIFIER = com.halvorsengames.SwordSlashTests;
				PRODUCT_NAME = "$(TARGET_NAME)";
				TEST_HOST = "$(BUILT_PRODUCTS_DIR)/SwordSlash.app/SwordSlash";
			};
			name = Debug;
		};
		3E2E794C1CB9193B007B2414 /* Release */ = {
			isa = XCBuildConfiguration;
			buildSettings = {
				BUNDLE_LOADER = "$(TEST_HOST)";
				INFOPLIST_FILE = SwordSlashTests/Info.plist;
				LD_RUNPATH_SEARCH_PATHS = "$(inherited) @executable_path/Frameworks @loader_path/Frameworks";
				PRODUCT_BUNDLE_IDENTIFIER = com.halvorsengames.SwordSlashTests;
				PRODUCT_NAME = "$(TARGET_NAME)";
				TEST_HOST = "$(BUILT_PRODUCTS_DIR)/SwordSlash.app/SwordSlash";
			};
			name = Release;
		};
		3E2E794E1CB9193B007B2414 /* Debug */ = {
			isa = XCBuildConfiguration;
			buildSettings = {
				DEBUG_INFORMATION_FORMAT = dwarf;
				INFOPLIST_FILE = SwordSlashUITests/Info.plist;
				LD_RUNPATH_SEARCH_PATHS = "$(inherited) @executable_path/Frameworks @loader_path/Frameworks";
				PRODUCT_BUNDLE_IDENTIFIER = com.halvorsengames.SwordSlashUITests;
				PRODUCT_NAME = "$(TARGET_NAME)";
				TEST_TARGET_NAME = SwordSlash;
			};
			name = Debug;
		};
		3E2E794F1CB9193B007B2414 /* Release */ = {
			isa = XCBuildConfiguration;
			buildSettings = {
				INFOPLIST_FILE = SwordSlashUITests/Info.plist;
				LD_RUNPATH_SEARCH_PATHS = "$(inherited) @executable_path/Frameworks @loader_path/Frameworks";
				PRODUCT_BUNDLE_IDENTIFIER = com.halvorsengames.SwordSlashUITests;
				PRODUCT_NAME = "$(TARGET_NAME)";
				TEST_TARGET_NAME = SwordSlash;
			};
			name = Release;
		};
/* End XCBuildConfiguration section */

/* Begin XCConfigurationList section */
		3E2E79161CB91938007B2414 /* Build configuration list for PBXProject "SwordSlash" */ = {
			isa = XCConfigurationList;
			buildConfigurations = (
				3E2E79451CB9193B007B2414 /* Debug */,
				3E2E79461CB9193B007B2414 /* Release */,
			);
			defaultConfigurationIsVisible = 0;
			defaultConfigurationName = Release;
		};
		3E2E79471CB9193B007B2414 /* Build configuration list for PBXNativeTarget "SwordSlash" */ = {
			isa = XCConfigurationList;
			buildConfigurations = (
				3E2E79481CB9193B007B2414 /* Debug */,
				3E2E79491CB9193B007B2414 /* Release */,
			);
			defaultConfigurationIsVisible = 0;
		};
		3E2E794A1CB9193B007B2414 /* Build configuration list for PBXNativeTarget "SwordSlashTests" */ = {
			isa = XCConfigurationList;
			buildConfigurations = (
				3E2E794B1CB9193B007B2414 /* Debug */,
				3E2E794C1CB9193B007B2414 /* Release */,
			);
			defaultConfigurationIsVisible = 0;
		};
		3E2E794D1CB9193B007B2414 /* Build configuration list for PBXNativeTarget "SwordSlashUITests" */ = {
			isa = XCConfigurationList;
			buildConfigurations = (
				3E2E794E1CB9193B007B2414 /* Debug */,
				3E2E794F1CB9193B007B2414 /* Release */,
			);
			defaultConfigurationIsVisible = 0;
		};
/* End XCConfigurationList section */
	};
	rootObject = 3E2E79131CB91938007B2414 /* Project object */;
}
